schema: '2.0'
stages:
  pull_data:
    cmd: python src/pull_data.py data/db_pull_calibrated.parquet data/db_pull_uncalibrated.parquet
    deps:
    - path: config.json
      md5: 357921b10542363ba763e9f5620c573f
      size: 177
    - path: src/pull_data.py
      md5: e6207f27da6133f82eb76f2a385abdea
      size: 1419
    - path: src/utils/dbconnector.py
      md5: 56d58baa8389a51a2fbae9065b05dd47
      size: 1553
    outs:
    - path: data/db_pull_calibrated.parquet
      md5: d30e256f1a00d82ece6f07422261055a
      size: 135521717
    - path: data/db_pull_uncalibrated.parquet
      md5: b63f1578c5b0cc51b5aafcfb09a00458
      size: 128520845
  resample:
    cmd: python src/resample.py data/db_pull_calibrated.parquet 50 linear
    deps:
    - path: data/db_pull_calibrated.parquet
      md5: d30e256f1a00d82ece6f07422261055a
      size: 135521717
    - path: src/resample.py
      md5: d7aa9a33b8d48635e9ae6a508e28b2c9
      size: 820
    outs:
    - path: data/resample.parquet
      md5: 0b13bd6bc234b1dffaaf498a3ddfa89b
      size: 88310491
  segmentate:
    cmd: python src/segmentate.py data/resample.parquet 5 0
    deps:
    - path: data/resample.parquet
      md5: 0b13bd6bc234b1dffaaf498a3ddfa89b
      size: 88310491
    - path: src/segmentate.py
      md5: 276f4fb5a58884d1eb659fde3678bb62
      size: 1883
    outs:
    - path: data/segmentate.dill
      md5: dc9d2fd82e863c76a5ccb69a4ba49be4
      size: 124896710
