schema: '2.0'
stages:
  pull_data_calibrated:
    cmd: python src/pull_data.py pull_data_calibrated data/db_pull_calibrated.parquet
    deps:
    - path: src/pull_data.py
      md5: 7a6ab7c7508987056a69512c01b2e036
      size: 1487
    - path: src/utils/dbconnector.py
      md5: 52b0248a2e4fddcdccde9ad54f2b804d
      size: 1503
    params:
      params.yaml:
        pull_data_calibrated:
          database:
            questdb:
              table_name: prod
              host: docker.great-squeaker.ts.net
              port: 9000
          get_calibrated: true
    outs:
    - path: data/db_pull_calibrated.parquet
      md5: d30e256f1a00d82ece6f07422261055a
      size: 135521717
  resample_50Hz:
    cmd: python src/resample.py resample_50Hz data/db_pull_calibrated.parquet data/resample_50Hz.parquet
    deps:
    - path: data/db_pull_calibrated.parquet
      md5: d30e256f1a00d82ece6f07422261055a
      size: 135521717
    - path: src/resample.py
      md5: 462a6b0ce71fa410caba2ed23903653b
      size: 1393
    params:
      params.yaml:
        resample_50Hz:
          resample_frequency_hz: 50
          interpolation_method: linear
    outs:
    - path: data/resample_50Hz.parquet
      md5: 1929d42b5a57c5d18837b3eb6bfa6131
      size: 88337427
  segmentate_5s:
    cmd: python src/segmentate.py segmentate_5s data/resample_50Hz.parquet data/segmentate_5s.dill
    deps:
    - path: data/resample_50Hz.parquet
      md5: 1929d42b5a57c5d18837b3eb6bfa6131
      size: 88337427
    - path: src/segmentate.py
      md5: e6a2f7138c08e4dfed9be8818a214b9d
      size: 2643
    params:
      params.yaml:
        segmentate_5s:
          window_len_s: 5
          overlap_percent: 0
    outs:
    - path: data/segmentate_5s.dill
      md5: 0095ea796c2877fccd2d2f63f8227bcc
      size: 128345824
  moving_average_01s:
    cmd: python src/moving_average.py moving_average_01s data/segmentate_5s.dill data/moving_average_01s.dill
    deps:
    - path: data/segmentate_5s.dill
      md5: 0095ea796c2877fccd2d2f63f8227bcc
      size: 128345824
    - path: src/moving_average.py
      md5: 5b07121c6a918ee6d4c44d96ade09007
      size: 1705
    params:
      params.yaml:
        moving_average_01s:
          window_len_s: 0.1
    outs:
    - path: data/moving_average_01s.dill
      md5: 14c13f81438401957948ac355c107486
      size: 210057114
  filter_highpass_ord3_cut01:
    cmd: python src/butterworth_filter.py filter_highpass_ord3_cut01 data/segmentate_5s.dill
      data/highpass_ord3_cut01.dill
    deps:
    - path: data/segmentate_5s.dill
      md5: 0095ea796c2877fccd2d2f63f8227bcc
      size: 128345824
    - path: src/butterworth_filter.py
      md5: a6c92cddab64263aa72cabfbe167af10
      size: 1290
    - path: src/utils/filters.py
      md5: d10d3cfe8d927cfdece1dbb50cb02249
      size: 2041
    params:
      params.yaml:
        filter_highpass_ord3_cut01:
          filter_type: highpass
          order: 3
          cutoff_f_Hz: 0.1
    outs:
    - path: data/highpass_ord3_cut01.dill
      md5: 6a7ab37f5f4adeb30b239cf6b02871dd
      size: 210021628
  train_test_split_ratio02:
    cmd: python src/train_test_split.py train_test_split_ratio02 data/segmentate_5s.dill
      data/train_test_split_ratio02.json
    deps:
    - path: data/segmentate_5s.dill
      md5: 0095ea796c2877fccd2d2f63f8227bcc
      size: 128345824
    - path: src/train_test_split.py
      md5: 86f3a77a5b038fe0824f7c2bd09ade01
      size: 2735
    params:
      params.yaml:
        train_test_split_ratio02:
          type: segment
          test_ratio: 0.2
          seed: 9458
          stratified: true
    outs:
    - path: data/train_test_split_ratio02.json
      md5: 1babc49cc8fcdded8c99ef9980407f17
      size: 49755
  transform_pca:
    cmd: python src/transform.py transform_pca data/segmentate_5s.dill data/train_test_split_ratio02.json
      data/segments_pca.dill data/transformer_pca.dill
    deps:
    - path: data/segmentate_5s.dill
      md5: 0095ea796c2877fccd2d2f63f8227bcc
      size: 128345824
    - path: data/train_test_split_ratio02.json
      md5: 1babc49cc8fcdded8c99ef9980407f17
      size: 49755
    - path: src/transform.py
      md5: 0cf341056c53c6ffc89e7ff6a79e6ff9
      size: 7243
    - path: src/utils/transformers.py
      md5: c290cd7fbd334c98aa0a0d2b64c0f557
      size: 6680
    params:
      params.yaml:
        transform_pca:
          transformation: pca
          transformation_params:
            n_components: 6
    outs:
    - path: data/segments_pca.dill
      md5: 31938602c71792c0ca7dc05b635abb93
      size: 106235311
    - path: data/transformer_pca.dill
      md5: 6f54efa867974a7f2c2f78b42d38ea1f
      size: 1678
  fft:
    cmd: python src/fft.py fft data/segmentate_5s.dill data/fft.dill
    deps:
    - path: data/segmentate_5s.dill
      md5: 0095ea796c2877fccd2d2f63f8227bcc
      size: 128345824
    - path: src/fft.py
      md5: afc75b2259d35fefa24612f94782dbdd
      size: 2350
    outs:
    - path: data/fft.dill
      md5: f27cdccd4275ff5d6b1e678cee55a815
      size: 67080904
  transform_min_max:
    cmd: python src/transform.py transform_min_max data/segmentate_5s.dill data/train_test_split_ratio02.json
      data/segments_min_max.dill data/transformer_min_max.dill
    deps:
    - path: data/segmentate_5s.dill
      md5: 0095ea796c2877fccd2d2f63f8227bcc
      size: 128345824
    - path: data/train_test_split_ratio02.json
      md5: 1babc49cc8fcdded8c99ef9980407f17
      size: 49755
    - path: src/transform.py
      md5: 0cf341056c53c6ffc89e7ff6a79e6ff9
      size: 7243
    - path: src/utils/transformers.py
      md5: c290cd7fbd334c98aa0a0d2b64c0f557
      size: 6680
    params:
      params.yaml:
        transform_min_max:
          transformation: min-max
          transformation_params:
            feature_range_min: 0
            feature_range_max: 1
    outs:
    - path: data/segments_min_max.dill
      md5: 25ed694ec1b9cde2192e0085cbd7e939
      size: 133049188
    - path: data/transformer_min_max.dill
      md5: 8051974b33ca9418b2a3c727238855c2
      size: 1366
  transform_standardize:
    cmd: python src/transform.py transform_standardize data/segmentate_5s.dill data/train_test_split_ratio02.json
      data/segments_standardized.dill data/transformer_standardize.dill
    deps:
    - path: data/segmentate_5s.dill
      md5: 0095ea796c2877fccd2d2f63f8227bcc
      size: 128345824
    - path: data/train_test_split_ratio02.json
      md5: 1babc49cc8fcdded8c99ef9980407f17
      size: 49755
    - path: src/transform.py
      md5: 0cf341056c53c6ffc89e7ff6a79e6ff9
      size: 7243
    - path: src/utils/transformers.py
      md5: c290cd7fbd334c98aa0a0d2b64c0f557
      size: 6680
    params:
      params.yaml:
        transform_standardize:
          transformation: standardize
    outs:
    - path: data/segments_standardized.dill
      md5: 1804f855884984ca1e66d74f537966c3
      size: 133049188
    - path: data/transformer_standardize.dill
      md5: ed711a153b6b1940357f82bf466ee905
      size: 1331
  filter_lowpass_ord3_cut100:
    cmd: python src/butterworth_filter.py filter_lowpass_ord3_cut100 data/segmentate_5s.dill
      data/lowpass_ord3_cut100.dill
    deps:
    - path: data/segmentate_5s.dill
      md5: 0095ea796c2877fccd2d2f63f8227bcc
      size: 128345824
    - path: src/butterworth_filter.py
      md5: a6c92cddab64263aa72cabfbe167af10
      size: 1290
    - path: src/utils/filters.py
      md5: d10d3cfe8d927cfdece1dbb50cb02249
      size: 2041
    params:
      params.yaml:
        filter_lowpass_ord3_cut100:
          filter_type: lowpass
          order: 3
          cutoff_f_Hz: 100
    outs:
    - path: data/lowpass_ord3_cut100.dill
      md5: ac4e1d5a4c477154cda4aa67365e0d79
      size: 210021628
  correlations_pearson:
    cmd: python src/correlations.py correlations_pearson data/segmentate_5s.dill data/correlations_pearson.parquet
    deps:
    - path: data/segmentate_5s.dill
      md5: 0095ea796c2877fccd2d2f63f8227bcc
      size: 128345824
    - path: src/correlations.py
      md5: 873dc9d29c91821565509bc9ccc1d548
      size: 3405
    params:
      params.yaml:
        correlations_pearson:
          correlation_method: pearson
    outs:
    - path: data/correlations_pearson.parquet
      md5: 9f334de54a7d9b6459a36308ca850807
      size: 6067947
  aggregate_mean_median_std:
    cmd: python src/aggregate.py aggregate_mean_median_std data/segmentate_5s.dill
      data/aggregate_mean_median_std.dill
    deps:
    - path: data/segmentate_5s.dill
      md5: 0095ea796c2877fccd2d2f63f8227bcc
      size: 128345824
    - path: src/aggregate.py
      md5: 77a3f42689ecfc43df61714e2111b97e
      size: 1691
    params:
      params.yaml:
        aggregate_mean_median_std:
        - mean
        - median
        - std
    outs:
    - path: data/aggregate_mean_median_std.dill
      md5: 8ac4bb2ef904c64380b05669fe141ff9
      size: 5478173
  filter_bandpass_ord3_low01_high100:
    cmd: python src/butterworth_filter.py filter_bandpass_ord3_low01_high100 data/segmentate_5s.dill
      data/bandpass_ord3_low01_high100.dill
    deps:
    - path: data/segmentate_5s.dill
      md5: 0095ea796c2877fccd2d2f63f8227bcc
      size: 128345824
    - path: src/butterworth_filter.py
      md5: a6c92cddab64263aa72cabfbe167af10
      size: 1290
    - path: src/utils/filters.py
      md5: d10d3cfe8d927cfdece1dbb50cb02249
      size: 2041
    params:
      params.yaml:
        filter_bandpass_ord3_low01_high100:
          filter_type: bandpass
          order: 3
          lowcut_f_Hz: 0.1
          highcut_f_Hz: 100
    outs:
    - path: data/bandpass_ord3_low01_high100.dill
      md5: 396ede11cc7dff2e3948bb7db8547327
      size: 210021628
  stft:
    cmd: python src/stft.py stft data/segmentate_5s.dill data/stft.dill
    deps:
    - path: data/segmentate_5s.dill
      md5: 0095ea796c2877fccd2d2f63f8227bcc
      size: 128345824
    - path: src/stft.py
      md5: 94cffcec192b08ff1181648d159d321a
      size: 1222
    outs:
    - path: data/stft.dill
      md5: 8443720c28e129aff3b0e9b269dbb938
      size: 809655945
